
Microsoft Visual Studio Solution File, Format Version 12.00
# Visual Studio Version 16
VisualStudioVersion = 16.0.32228.343
MinimumVisualStudioVersion = 10.0.40219.1
Project("{FAE04EC0-301F-11D3-BF4B-00C04F79EFBC}") = "bornchat", "bornchat\bornchat.csproj", "{613B2D42-7A66-4721-BD89-A42B402726A1}"
EndProject
Global
	GlobalSection(SolutionConfigurationPlatforms) = preSolution
		Debug|Any CPU = Debug|Any CPU
		Release|Any CPU = Release|Any CPU
	EndGlobalSection
	GlobalSection(ProjectConfigurationPlatforms) = postSolution
		{613B2D42-7A66-4721-BD89-A42B402726A1}.Debug|Any CPU.ActiveCfg = Debug|Any CPU
		{613B2D42-7A66-4721-BD89-A42B402726A1}.Debug|Any CPU.Build.0 = Debug|Any CPU
		{613B2D42-7A66-4721-BD89-A42B402726A1}.Release|Any CPU.ActiveCfg = Release|Any CPU
		{613B2D42-7A66-4721-BD89-A42B402726A1}.Release|Any CPU.Build.0 = Release|Any CPU
	EndGlobalSection
	GlobalSection(SolutionProperties) = preSolution
		HideSolutionNode = FALSE
	EndGlobalSection
	GlobalSection(ExtensibilityGlobals) = postSolution
		SolutionGuid = {5B18A35E-A917-48BA-8454-9E293F2D910E}
	EndGlobalSection
EndGlobal
