
Microsoft Visual Studio Solution File, Format Version 12.00
# Visual Studio Version 16
VisualStudioVersion = 16.0.32228.343
MinimumVisualStudioVersion = 10.0.40219.1
Project("{FAE04EC0-301F-11D3-BF4B-00C04F79EFBC}") = "ChatApp_messenger", "ChatApp_messenger\ChatApp_messenger.csproj", "{BD062ED5-1E7C-461E-8292-E0E20D3B262D}"
EndProject
Global
	GlobalSection(SolutionConfigurationPlatforms) = preSolution
		Debug|Any CPU = Debug|Any CPU
		Release|Any CPU = Release|Any CPU
	EndGlobalSection
	GlobalSection(ProjectConfigurationPlatforms) = postSolution
		{BD062ED5-1E7C-461E-8292-E0E20D3B262D}.Debug|Any CPU.ActiveCfg = Debug|Any CPU
		{BD062ED5-1E7C-461E-8292-E0E20D3B262D}.Debug|Any CPU.Build.0 = Debug|Any CPU
		{BD062ED5-1E7C-461E-8292-E0E20D3B262D}.Release|Any CPU.ActiveCfg = Release|Any CPU
		{BD062ED5-1E7C-461E-8292-E0E20D3B262D}.Release|Any CPU.Build.0 = Release|Any CPU
	EndGlobalSection
	GlobalSection(SolutionProperties) = preSolution
		HideSolutionNode = FALSE
	EndGlobalSection
	GlobalSection(ExtensibilityGlobals) = postSolution
		SolutionGuid = {B7C6A311-3884-4F6D-AD6C-965B813FB4CA}
	EndGlobalSection
EndGlobal
